
Microsoft Visual Studio Solution File, Format Version 12.00
# Visual Studio Version 17
VisualStudioVersion = 17.4.32916.344
MinimumVisualStudioVersion = 10.0.40219.1
Project("{9A19103F-16F7-4668-BE54-9A1E7A4F7556}") = "ConsoleInput", "ConsoleInput\ConsoleInput.csproj", "{6A9F0716-66E3-4135-B9E3-616BBA5FFA54}"
EndProject
Global
	GlobalSection(SolutionConfigurationPlatforms) = preSolution
		Debug|Any CPU = Debug|Any CPU
		Debug|x64 = Debug|x64
		Debug|x86 = Debug|x86
		Release|Any CPU = Release|Any CPU
		Release|x64 = Release|x64
		Release|x86 = Release|x86
	EndGlobalSection
	GlobalSection(ProjectConfigurationPlatforms) = postSolution
		{6A9F0716-66E3-4135-B9E3-616BBA5FFA54}.Debug|Any CPU.ActiveCfg = Debug|Any CPU
		{6A9F0716-66E3-4135-B9E3-616BBA5FFA54}.Debug|Any CPU.Build.0 = Debug|Any CPU
		{6A9F0716-66E3-4135-B9E3-616BBA5FFA54}.Debug|x64.ActiveCfg = Debug|Any CPU
		{6A9F0716-66E3-4135-B9E3-616BBA5FFA54}.Debug|x64.Build.0 = Debug|Any CPU
		{6A9F0716-66E3-4135-B9E3-616BBA5FFA54}.Debug|x86.ActiveCfg = Debug|Any CPU
		{6A9F0716-66E3-4135-B9E3-616BBA5FFA54}.Debug|x86.Build.0 = Debug|Any CPU
		{6A9F0716-66E3-4135-B9E3-616BBA5FFA54}.Release|Any CPU.ActiveCfg = Release|Any CPU
		{6A9F0716-66E3-4135-B9E3-616BBA5FFA54}.Release|Any CPU.Build.0 = Release|Any CPU
		{6A9F0716-66E3-4135-B9E3-616BBA5FFA54}.Release|x64.ActiveCfg = Release|Any CPU
		{6A9F0716-66E3-4135-B9E3-616BBA5FFA54}.Release|x64.Build.0 = Release|Any CPU
		{6A9F0716-66E3-4135-B9E3-616BBA5FFA54}.Release|x86.ActiveCfg = Release|Any CPU
		{6A9F0716-66E3-4135-B9E3-616BBA5FFA54}.Release|x86.Build.0 = Release|Any CPU
	EndGlobalSection
	GlobalSection(SolutionProperties) = preSolution
		HideSolutionNode = FALSE
	EndGlobalSection
	GlobalSection(ExtensibilityGlobals) = postSolution
		SolutionGuid = {D353BF51-F1EA-4369-8A8B-5F6EB1277659}
	EndGlobalSection
EndGlobal
